Microsoft Visual Studio Solution File, Format Version 11.00
# Visual Studio 2008

Project("{0322E354-2DDE-B070-AF16-CCB5E4EB8DF2}") = "GameDev Project 4", "Assembly-CSharp.csproj", "{3705CD5B-6AE7-0488-D91E-F4B9D747C99E}"
EndProject
Global
	GlobalSection(SolutionConfigurationPlatforms) = preSolution
		Debug|Any CPU = Debug|Any CPU
		Release|Any CPU = Release|Any CPU
	EndGlobalSection
	GlobalSection(ProjectConfigurationPlatforms) = postSolution
		{3705CD5B-6AE7-0488-D91E-F4B9D747C99E}.Debug|Any CPU.ActiveCfg = Debug|Any CPU
		{3705CD5B-6AE7-0488-D91E-F4B9D747C99E}.Debug|Any CPU.Build.0 = Debug|Any CPU
		{3705CD5B-6AE7-0488-D91E-F4B9D747C99E}.Release|Any CPU.ActiveCfg = Release|Any CPU
		{3705CD5B-6AE7-0488-D91E-F4B9D747C99E}.Release|Any CPU.Build.0 = Release|Any CPU
	EndGlobalSection
	GlobalSection(SolutionProperties) = preSolution
		HideSolutionNode = FALSE
	EndGlobalSection
															GlobalSection(MonoDevelopProperties) = preSolution
		StartupItem = Assembly-CSharp.csproj
		Policies = $0
		$0.TextStylePolicy = $1
		$1.inheritsSet = null
		$1.scope = text/x-csharp
		$0.CSharpFormattingPolicy = $2
		$2.inheritsSet = Mono
		$2.inheritsScope = text/x-csharp
		$2.scope = text/x-csharp
		$0.TextStylePolicy = $3
		$3.FileWidth = 120
		$3.TabWidth = 4
		$3.IndentWidth = 4
		$3.EolMarker = Unix
		$3.inheritsSet = Mono
		$3.inheritsScope = text/plain
		$3.scope = text/plain
	EndGlobalSection

EndGlobal
