
Microsoft Visual Studio Solution File, Format Version 12.00
# Visual Studio 2015
Project("{FAE04EC0-301F-11D3-BF4B-00C04F79EFBC}") = "GameDev Project 4.CSharp", "GameDev Project 4.CSharp.csproj", "{15ABA9C4-A949-43DA-883F-CD004B7D77A0}"
EndProject
Global
	GlobalSection(SolutionConfigurationPlatforms) = preSolution
		Debug|Any CPU = Debug|Any CPU
		Release|Any CPU = Release|Any CPU
	EndGlobalSection
	GlobalSection(ProjectConfigurationPlatforms) = postSolution
		{15ABA9C4-A949-43DA-883F-CD004B7D77A0}.Debug|Any CPU.ActiveCfg = Debug|Any CPU
		{15ABA9C4-A949-43DA-883F-CD004B7D77A0}.Debug|Any CPU.Build.0 = Debug|Any CPU
		{15ABA9C4-A949-43DA-883F-CD004B7D77A0}.Release|Any CPU.ActiveCfg = Release|Any CPU
		{15ABA9C4-A949-43DA-883F-CD004B7D77A0}.Release|Any CPU.Build.0 = Release|Any CPU
	EndGlobalSection
	GlobalSection(SolutionProperties) = preSolution
		HideSolutionNode = FALSE
	EndGlobalSection
EndGlobal
